// !$*UTF8*$!
{
	archiveVersion = 1;
	classes = {
	};
	objectVersion = 50;
	objects = {

/* Begin PBXBuildFile section */
		5276FD3704746D283A690010 /* Pods_WoowahanFresh.framework in Frameworks */ = {isa = PBXBuildFile; fileRef = 4D38C68F9480C21134AF9332 /* Pods_WoowahanFresh.framework */; settings = {ATTRIBUTES = (Required, ); }; };
		E811E80D21BA23E40076F1FE /* SubDishList.storyboard in Resources */ = {isa = PBXBuildFile; fileRef = E811E80C21BA23E40076F1FE /* SubDishList.storyboard */; };
		E811E81121BA25950076F1FE /* SubDishTableViewController.swift in Sources */ = {isa = PBXBuildFile; fileRef = E811E81021BA25950076F1FE /* SubDishTableViewController.swift */; };
		E811E81521BA30750076F1FE /* InfiniteScrollViewCell.xib in Resources */ = {isa = PBXBuildFile; fileRef = E811E81321BA30750076F1FE /* InfiniteScrollViewCell.xib */; };
		E819696A21AE7073001670E0 /* Assets.xcassets in Resources */ = {isa = PBXBuildFile; fileRef = E819696921AE7073001670E0 /* Assets.xcassets */; };
		E823E1BC21B0D7720076592C /* BestTableViewController.swift in Sources */ = {isa = PBXBuildFile; fileRef = E823E1BB21B0D7720076592C /* BestTableViewController.swift */; };
		E823E1BE21B0DE890076592C /* ShoppingTableViewController.swift in Sources */ = {isa = PBXBuildFile; fileRef = E823E1BD21B0DE890076592C /* ShoppingTableViewController.swift */; };
		E823E1C021B0DEAB0076592C /* BrandCollectionViewController.swift in Sources */ = {isa = PBXBuildFile; fileRef = E823E1BF21B0DEAB0076592C /* BrandCollectionViewController.swift */; };
		E823E1C221B0DED70076592C /* ThemaCollectionViewController.swift in Sources */ = {isa = PBXBuildFile; fileRef = E823E1C121B0DED70076592C /* ThemaCollectionViewController.swift */; };
		E823E1C421B0DEE60076592C /* EventCollectionViewController.swift in Sources */ = {isa = PBXBuildFile; fileRef = E823E1C321B0DEE60076592C /* EventCollectionViewController.swift */; };
		E823E1C821B0DF500076592C /* Content.storyboard in Resources */ = {isa = PBXBuildFile; fileRef = E823E1C721B0DF500076592C /* Content.storyboard */; };
		E823E1CA21B0E09C0076592C /* Home.storyboard in Resources */ = {isa = PBXBuildFile; fileRef = E823E1C921B0E09C0076592C /* Home.storyboard */; };
		E823E1CC21B0E0A60076592C /* Best.storyboard in Resources */ = {isa = PBXBuildFile; fileRef = E823E1CB21B0E0A60076592C /* Best.storyboard */; };
		E823E1CE21B0E0B60076592C /* Shopping.storyboard in Resources */ = {isa = PBXBuildFile; fileRef = E823E1CD21B0E0B60076592C /* Shopping.storyboard */; };
		E823E1D121B0E0CE0076592C /* Brand.storyboard in Resources */ = {isa = PBXBuildFile; fileRef = E823E1D021B0E0CE0076592C /* Brand.storyboard */; };
		E823E1D321B0E0E20076592C /* Thema.storyboard in Resources */ = {isa = PBXBuildFile; fileRef = E823E1D221B0E0E20076592C /* Thema.storyboard */; };
		E823E1D521B0E0F00076592C /* Event.storyboard in Resources */ = {isa = PBXBuildFile; fileRef = E823E1D421B0E0F00076592C /* Event.storyboard */; };
		E823E1D821B0E53F0076592C /* CategoryViewController.swift in Sources */ = {isa = PBXBuildFile; fileRef = E823E1D721B0E53F0076592C /* CategoryViewController.swift */; };
		E823E1DA21B0E5490076592C /* MyPageViewController.swift in Sources */ = {isa = PBXBuildFile; fileRef = E823E1D921B0E5490076592C /* MyPageViewController.swift */; };
		E823E1DF21B0E6930076592C /* Category.storyboard in Resources */ = {isa = PBXBuildFile; fileRef = E823E1DE21B0E6930076592C /* Category.storyboard */; };
		E823E1E121B0E6A00076592C /* MyPage.storyboard in Resources */ = {isa = PBXBuildFile; fileRef = E823E1E021B0E6A00076592C /* MyPage.storyboard */; };
		E824F40221AFFBCB001CBC88 /* First.storyboard in Resources */ = {isa = PBXBuildFile; fileRef = E824F40121AFFBCB001CBC88 /* First.storyboard */; };
		E824F40521B006E9001CBC88 /* FirstViewController.swift in Sources */ = {isa = PBXBuildFile; fileRef = E824F40421B006E9001CBC88 /* FirstViewController.swift */; };
		E824F40721B02360001CBC88 /* HomeTableViewController.swift in Sources */ = {isa = PBXBuildFile; fileRef = E824F40621B02360001CBC88 /* HomeTableViewController.swift */; };
		E824F40921B02626001CBC88 /* ContentViewController.swift in Sources */ = {isa = PBXBuildFile; fileRef = E824F40821B02626001CBC88 /* ContentViewController.swift */; };
		E831168721BD1871003CF96E /* Item.storyboard in Resources */ = {isa = PBXBuildFile; fileRef = E831168621BD1871003CF96E /* Item.storyboard */; };
		E831168B21BD194B003CF96E /* ItemViewController.swift in Sources */ = {isa = PBXBuildFile; fileRef = E831168A21BD194B003CF96E /* ItemViewController.swift */; };
		E831169021BD2136003CF96E /* ScrollViewImageCell.swift in Sources */ = {isa = PBXBuildFile; fileRef = E831168E21BD2136003CF96E /* ScrollViewImageCell.swift */; };
		E831169121BD2136003CF96E /* ScrollViewImageCell.xib in Resources */ = {isa = PBXBuildFile; fileRef = E831168F21BD2136003CF96E /* ScrollViewImageCell.xib */; };
		E831169521BD23D0003CF96E /* ItemTitleCell.swift in Sources */ = {isa = PBXBuildFile; fileRef = E831169321BD23D0003CF96E /* ItemTitleCell.swift */; };
		E831169621BD23D0003CF96E /* ItemTitleCell.xib in Resources */ = {isa = PBXBuildFile; fileRef = E831169421BD23D0003CF96E /* ItemTitleCell.xib */; };
		E831169921BD23F4003CF96E /* ItemDeliveryCell.swift in Sources */ = {isa = PBXBuildFile; fileRef = E831169721BD23F4003CF96E /* ItemDeliveryCell.swift */; };
		E831169A21BD23F4003CF96E /* ItemDeliveryCell.xib in Resources */ = {isa = PBXBuildFile; fileRef = E831169821BD23F4003CF96E /* ItemDeliveryCell.xib */; };
		E831169F21BD264B003CF96E /* OtherItemCell.swift in Sources */ = {isa = PBXBuildFile; fileRef = E831169D21BD264B003CF96E /* OtherItemCell.swift */; };
		E83116A021BD264B003CF96E /* OtherItemCell.xib in Resources */ = {isa = PBXBuildFile; fileRef = E831169E21BD264B003CF96E /* OtherItemCell.xib */; };
		E83116A321BD536D003CF96E /* Login.storyboard in Resources */ = {isa = PBXBuildFile; fileRef = E83116A221BD536D003CF96E /* Login.storyboard */; };
		E83116A621BD53E8003CF96E /* LoginViewController.swift in Sources */ = {isa = PBXBuildFile; fileRef = E83116A521BD53E8003CF96E /* LoginViewController.swift */; };
		E857FEC721BDFE8A003EEB2D /* Observer.swift in Sources */ = {isa = PBXBuildFile; fileRef = E857FEC621BDFE8A003EEB2D /* Observer.swift */; };
		E857FEC921BE35B7003EEB2D /* itemPkDelegate.swift in Sources */ = {isa = PBXBuildFile; fileRef = E857FEC821BE35B7003EEB2D /* itemPkDelegate.swift */; };
		E857FECC21BE515A003EEB2D /* ItemDetailCell.swift in Sources */ = {isa = PBXBuildFile; fileRef = E857FECA21BE515A003EEB2D /* ItemDetailCell.swift */; };
		E857FECD21BE515A003EEB2D /* ItemDetailCell.xib in Resources */ = {isa = PBXBuildFile; fileRef = E857FECB21BE515A003EEB2D /* ItemDetailCell.xib */; };
		E876B8DC21B28BE600C86C4D /* Search.storyboard in Resources */ = {isa = PBXBuildFile; fileRef = E876B8DB21B28BE600C86C4D /* Search.storyboard */; };
		E876B8DE21B28C2600C86C4D /* ShoppingList.storyboard in Resources */ = {isa = PBXBuildFile; fileRef = E876B8DD21B28C2600C86C4D /* ShoppingList.storyboard */; };
		E876B8E121B3910900C86C4D /* SearchNavicationViewController.swift in Sources */ = {isa = PBXBuildFile; fileRef = E876B8E021B3910900C86C4D /* SearchNavicationViewController.swift */; };
		E876B8E321B3911C00C86C4D /* ShoppingListNavicationViewController.swift in Sources */ = {isa = PBXBuildFile; fileRef = E876B8E221B3911C00C86C4D /* ShoppingListNavicationViewController.swift */; };
		E8984C6B21BA39C20090571E /* ItemCell.swift in Sources */ = {isa = PBXBuildFile; fileRef = E8984C6921BA39C20090571E /* ItemCell.swift */; };
		E8984C6C21BA39C20090571E /* ItemCell.xib in Resources */ = {isa = PBXBuildFile; fileRef = E8984C6A21BA39C20090571E /* ItemCell.xib */; };
		E8A7958121B4CE14007E9CEA /* InfiniteScrollViewCell.swift in Sources */ = {isa = PBXBuildFile; fileRef = E8A7957F21B4CE14007E9CEA /* InfiniteScrollViewCell.swift */; };
		E8A7958421B4E8E5007E9CEA /* HomeSection.swift in Sources */ = {isa = PBXBuildFile; fileRef = E8A7958321B4E8E5007E9CEA /* HomeSection.swift */; };
		E8A7958621B50C9C007E9CEA /* FixedBaner.swift in Sources */ = {isa = PBXBuildFile; fileRef = E8A7958521B50C9C007E9CEA /* FixedBaner.swift */; };
		E8A795CA21B61C7A007E9CEA /* CategoriesHome.swift in Sources */ = {isa = PBXBuildFile; fileRef = E8A795C921B61C7A007E9CEA /* CategoriesHome.swift */; };
		E8A795D321B62F5F007E9CEA /* CategoriesHomeCell.swift in Sources */ = {isa = PBXBuildFile; fileRef = E8A795D121B62F5F007E9CEA /* CategoriesHomeCell.swift */; };
		E8A795D421B62F5F007E9CEA /* CategoriesHomeCell.xib in Resources */ = {isa = PBXBuildFile; fileRef = E8A795D221B62F5F007E9CEA /* CategoriesHomeCell.xib */; };
		E8A795D621B63D98007E9CEA /* HomeTestViewController.swift in Sources */ = {isa = PBXBuildFile; fileRef = E8A795D521B63D98007E9CEA /* HomeTestViewController.swift */; };
		E8A795D821B63EB7007E9CEA /* ItemList.storyboard in Resources */ = {isa = PBXBuildFile; fileRef = E8A795D721B63EB7007E9CEA /* ItemList.storyboard */; };
		E8A795DA21B64155007E9CEA /* ItemListViewController.swift in Sources */ = {isa = PBXBuildFile; fileRef = E8A795D921B64155007E9CEA /* ItemListViewController.swift */; };
		E8E9405721ABD0050017620A /* AppDelegate.swift in Sources */ = {isa = PBXBuildFile; fileRef = E8E9405621ABD0050017620A /* AppDelegate.swift */; };
		E8E9405921ABD0050017620A /* MainViewController.swift in Sources */ = {isa = PBXBuildFile; fileRef = E8E9405821ABD0050017620A /* MainViewController.swift */; };
		E8E9405C21ABD0050017620A /* Main.storyboard in Resources */ = {isa = PBXBuildFile; fileRef = E8E9405A21ABD0050017620A /* Main.storyboard */; };
		E8E9406121ABD0070017620A /* LaunchScreen.storyboard in Resources */ = {isa = PBXBuildFile; fileRef = E8E9405F21ABD0070017620A /* LaunchScreen.storyboard */; };
		E8FCD6EB21B6889500209322 /* ImageViewCell.swift in Sources */ = {isa = PBXBuildFile; fileRef = E8FCD6E921B6889500209322 /* ImageViewCell.swift */; };
		E8FCD6EC21B6889500209322 /* ImageViewCell.xib in Resources */ = {isa = PBXBuildFile; fileRef = E8FCD6EA21B6889500209322 /* ImageViewCell.xib */; };
		E8FCD6EF21B6892600209322 /* CollectionCategoriesCell.swift in Sources */ = {isa = PBXBuildFile; fileRef = E8FCD6ED21B6892600209322 /* CollectionCategoriesCell.swift */; };
		E8FCD6F021B6892600209322 /* CollectionCategoriesCell.xib in Resources */ = {isa = PBXBuildFile; fileRef = E8FCD6EE21B6892600209322 /* CollectionCategoriesCell.xib */; };
		E8FCD6F221B6904C00209322 /* ModelCategory.swift in Sources */ = {isa = PBXBuildFile; fileRef = E8FCD6F121B6904C00209322 /* ModelCategory.swift */; };
		E8FCD73B21B7A24800209322 /* NetworkManager.swift in Sources */ = {isa = PBXBuildFile; fileRef = E8FCD73A21B7A24800209322 /* NetworkManager.swift */; };
		E8FCD73E21B7A45B00209322 /* Constants.swift in Sources */ = {isa = PBXBuildFile; fileRef = E8FCD73D21B7A45B00209322 /* Constants.swift */; };
		E8FCD74021B7B46300209322 /* ItemList.swift in Sources */ = {isa = PBXBuildFile; fileRef = E8FCD73F21B7B46300209322 /* ItemList.swift */; };
/* End PBXBuildFile section */

/* Begin PBXFileReference section */
		4D38C68F9480C21134AF9332 /* Pods_WoowahanFresh.framework */ = {isa = PBXFileReference; explicitFileType = wrapper.framework; includeInIndex = 0; path = Pods_WoowahanFresh.framework; sourceTree = BUILT_PRODUCTS_DIR; };
		899FE9545CE43B845AD55647 /* Pods-WoowahanFresh.release.xcconfig */ = {isa = PBXFileReference; includeInIndex = 1; lastKnownFileType = text.xcconfig; name = "Pods-WoowahanFresh.release.xcconfig"; path = "Pods/Target Support Files/Pods-WoowahanFresh/Pods-WoowahanFresh.release.xcconfig"; sourceTree = "<group>"; };
		E7FAB44BE72481638898E6CB /* Pods-WoowahanFresh.debug.xcconfig */ = {isa = PBXFileReference; includeInIndex = 1; lastKnownFileType = text.xcconfig; name = "Pods-WoowahanFresh.debug.xcconfig"; path = "Pods/Target Support Files/Pods-WoowahanFresh/Pods-WoowahanFresh.debug.xcconfig"; sourceTree = "<group>"; };
		E811E80C21BA23E40076F1FE /* SubDishList.storyboard */ = {isa = PBXFileReference; lastKnownFileType = file.storyboard; path = SubDishList.storyboard; sourceTree = "<group>"; };
		E811E81021BA25950076F1FE /* SubDishTableViewController.swift */ = {isa = PBXFileReference; lastKnownFileType = sourcecode.swift; path = SubDishTableViewController.swift; sourceTree = "<group>"; };
		E811E81321BA30750076F1FE /* InfiniteScrollViewCell.xib */ = {isa = PBXFileReference; lastKnownFileType = file.xib; path = InfiniteScrollViewCell.xib; sourceTree = "<group>"; };
		E819696921AE7073001670E0 /* Assets.xcassets */ = {isa = PBXFileReference; lastKnownFileType = folder.assetcatalog; path = Assets.xcassets; sourceTree = "<group>"; };
		E823E1BB21B0D7720076592C /* BestTableViewController.swift */ = {isa = PBXFileReference; lastKnownFileType = sourcecode.swift; path = BestTableViewController.swift; sourceTree = "<group>"; };
		E823E1BD21B0DE890076592C /* ShoppingTableViewController.swift */ = {isa = PBXFileReference; lastKnownFileType = sourcecode.swift; path = ShoppingTableViewController.swift; sourceTree = "<group>"; };
		E823E1BF21B0DEAB0076592C /* BrandCollectionViewController.swift */ = {isa = PBXFileReference; lastKnownFileType = sourcecode.swift; path = BrandCollectionViewController.swift; sourceTree = "<group>"; };
		E823E1C121B0DED70076592C /* ThemaCollectionViewController.swift */ = {isa = PBXFileReference; lastKnownFileType = sourcecode.swift; path = ThemaCollectionViewController.swift; sourceTree = "<group>"; };
		E823E1C321B0DEE60076592C /* EventCollectionViewController.swift */ = {isa = PBXFileReference; lastKnownFileType = sourcecode.swift; path = EventCollectionViewController.swift; sourceTree = "<group>"; };
		E823E1C721B0DF500076592C /* Content.storyboard */ = {isa = PBXFileReference; lastKnownFileType = file.storyboard; path = Content.storyboard; sourceTree = "<group>"; };
		E823E1C921B0E09C0076592C /* Home.storyboard */ = {isa = PBXFileReference; lastKnownFileType = file.storyboard; path = Home.storyboard; sourceTree = "<group>"; };
		E823E1CB21B0E0A60076592C /* Best.storyboard */ = {isa = PBXFileReference; lastKnownFileType = file.storyboard; path = Best.storyboard; sourceTree = "<group>"; };
		E823E1CD21B0E0B60076592C /* Shopping.storyboard */ = {isa = PBXFileReference; lastKnownFileType = file.storyboard; path = Shopping.storyboard; sourceTree = "<group>"; };
		E823E1D021B0E0CE0076592C /* Brand.storyboard */ = {isa = PBXFileReference; lastKnownFileType = file.storyboard; path = Brand.storyboard; sourceTree = "<group>"; };
		E823E1D221B0E0E20076592C /* Thema.storyboard */ = {isa = PBXFileReference; lastKnownFileType = file.storyboard; path = Thema.storyboard; sourceTree = "<group>"; };
		E823E1D421B0E0F00076592C /* Event.storyboard */ = {isa = PBXFileReference; lastKnownFileType = file.storyboard; path = Event.storyboard; sourceTree = "<group>"; };
		E823E1D721B0E53F0076592C /* CategoryViewController.swift */ = {isa = PBXFileReference; lastKnownFileType = sourcecode.swift; path = CategoryViewController.swift; sourceTree = "<group>"; };
		E823E1D921B0E5490076592C /* MyPageViewController.swift */ = {isa = PBXFileReference; lastKnownFileType = sourcecode.swift; path = MyPageViewController.swift; sourceTree = "<group>"; };
		E823E1DE21B0E6930076592C /* Category.storyboard */ = {isa = PBXFileReference; lastKnownFileType = file.storyboard; path = Category.storyboard; sourceTree = "<group>"; };
		E823E1E021B0E6A00076592C /* MyPage.storyboard */ = {isa = PBXFileReference; lastKnownFileType = file.storyboard; path = MyPage.storyboard; sourceTree = "<group>"; };
		E824F40121AFFBCB001CBC88 /* First.storyboard */ = {isa = PBXFileReference; lastKnownFileType = file.storyboard; path = First.storyboard; sourceTree = "<group>"; };
		E824F40421B006E9001CBC88 /* FirstViewController.swift */ = {isa = PBXFileReference; lastKnownFileType = sourcecode.swift; path = FirstViewController.swift; sourceTree = "<group>"; };
		E824F40621B02360001CBC88 /* HomeTableViewController.swift */ = {isa = PBXFileReference; lastKnownFileType = sourcecode.swift; path = HomeTableViewController.swift; sourceTree = "<group>"; };
		E824F40821B02626001CBC88 /* ContentViewController.swift */ = {isa = PBXFileReference; lastKnownFileType = sourcecode.swift; path = ContentViewController.swift; sourceTree = "<group>"; };
		E831168621BD1871003CF96E /* Item.storyboard */ = {isa = PBXFileReference; lastKnownFileType = file.storyboard; path = Item.storyboard; sourceTree = "<group>"; };
		E831168A21BD194B003CF96E /* ItemViewController.swift */ = {isa = PBXFileReference; lastKnownFileType = sourcecode.swift; path = ItemViewController.swift; sourceTree = "<group>"; };
		E831168E21BD2136003CF96E /* ScrollViewImageCell.swift */ = {isa = PBXFileReference; lastKnownFileType = sourcecode.swift; path = ScrollViewImageCell.swift; sourceTree = "<group>"; };
		E831168F21BD2136003CF96E /* ScrollViewImageCell.xib */ = {isa = PBXFileReference; lastKnownFileType = file.xib; path = ScrollViewImageCell.xib; sourceTree = "<group>"; };
		E831169321BD23D0003CF96E /* ItemTitleCell.swift */ = {isa = PBXFileReference; lastKnownFileType = sourcecode.swift; path = ItemTitleCell.swift; sourceTree = "<group>"; };
		E831169421BD23D0003CF96E /* ItemTitleCell.xib */ = {isa = PBXFileReference; lastKnownFileType = file.xib; path = ItemTitleCell.xib; sourceTree = "<group>"; };
		E831169721BD23F4003CF96E /* ItemDeliveryCell.swift */ = {isa = PBXFileReference; lastKnownFileType = sourcecode.swift; path = ItemDeliveryCell.swift; sourceTree = "<group>"; };
		E831169821BD23F4003CF96E /* ItemDeliveryCell.xib */ = {isa = PBXFileReference; lastKnownFileType = file.xib; path = ItemDeliveryCell.xib; sourceTree = "<group>"; };
		E831169D21BD264B003CF96E /* OtherItemCell.swift */ = {isa = PBXFileReference; lastKnownFileType = sourcecode.swift; path = OtherItemCell.swift; sourceTree = "<group>"; };
		E831169E21BD264B003CF96E /* OtherItemCell.xib */ = {isa = PBXFileReference; lastKnownFileType = file.xib; path = OtherItemCell.xib; sourceTree = "<group>"; };
		E83116A221BD536D003CF96E /* Login.storyboard */ = {isa = PBXFileReference; lastKnownFileType = file.storyboard; path = Login.storyboard; sourceTree = "<group>"; };
		E83116A521BD53E8003CF96E /* LoginViewController.swift */ = {isa = PBXFileReference; lastKnownFileType = sourcecode.swift; path = LoginViewController.swift; sourceTree = "<group>"; };
		E857FEC621BDFE8A003EEB2D /* Observer.swift */ = {isa = PBXFileReference; lastKnownFileType = sourcecode.swift; path = Observer.swift; sourceTree = "<group>"; };
		E857FEC821BE35B7003EEB2D /* itemPkDelegate.swift */ = {isa = PBXFileReference; lastKnownFileType = sourcecode.swift; path = itemPkDelegate.swift; sourceTree = "<group>"; };
		E857FECA21BE515A003EEB2D /* ItemDetailCell.swift */ = {isa = PBXFileReference; lastKnownFileType = sourcecode.swift; path = ItemDetailCell.swift; sourceTree = "<group>"; };
		E857FECB21BE515A003EEB2D /* ItemDetailCell.xib */ = {isa = PBXFileReference; lastKnownFileType = file.xib; path = ItemDetailCell.xib; sourceTree = "<group>"; };
		E876B8DB21B28BE600C86C4D /* Search.storyboard */ = {isa = PBXFileReference; lastKnownFileType = file.storyboard; path = Search.storyboard; sourceTree = "<group>"; };
		E876B8DD21B28C2600C86C4D /* ShoppingList.storyboard */ = {isa = PBXFileReference; lastKnownFileType = file.storyboard; path = ShoppingList.storyboard; sourceTree = "<group>"; };
		E876B8E021B3910900C86C4D /* SearchNavicationViewController.swift */ = {isa = PBXFileReference; lastKnownFileType = sourcecode.swift; path = SearchNavicationViewController.swift; sourceTree = "<group>"; };
		E876B8E221B3911C00C86C4D /* ShoppingListNavicationViewController.swift */ = {isa = PBXFileReference; lastKnownFileType = sourcecode.swift; path = ShoppingListNavicationViewController.swift; sourceTree = "<group>"; };
		E88B693421AC22E7007C9766 /* WoowahanFresh.entitlements */ = {isa = PBXFileReference; lastKnownFileType = text.plist.entitlements; path = WoowahanFresh.entitlements; sourceTree = "<group>"; };
		E8984C6921BA39C20090571E /* ItemCell.swift */ = {isa = PBXFileReference; lastKnownFileType = sourcecode.swift; path = ItemCell.swift; sourceTree = "<group>"; };
		E8984C6A21BA39C20090571E /* ItemCell.xib */ = {isa = PBXFileReference; lastKnownFileType = file.xib; path = ItemCell.xib; sourceTree = "<group>"; };
		E8A7957F21B4CE14007E9CEA /* InfiniteScrollViewCell.swift */ = {isa = PBXFileReference; lastKnownFileType = sourcecode.swift; path = InfiniteScrollViewCell.swift; sourceTree = "<group>"; };
		E8A7958321B4E8E5007E9CEA /* HomeSection.swift */ = {isa = PBXFileReference; lastKnownFileType = sourcecode.swift; path = HomeSection.swift; sourceTree = "<group>"; };
		E8A7958521B50C9C007E9CEA /* FixedBaner.swift */ = {isa = PBXFileReference; lastKnownFileType = sourcecode.swift; path = FixedBaner.swift; sourceTree = "<group>"; };
		E8A795C921B61C7A007E9CEA /* CategoriesHome.swift */ = {isa = PBXFileReference; lastKnownFileType = sourcecode.swift; path = CategoriesHome.swift; sourceTree = "<group>"; };
		E8A795D121B62F5F007E9CEA /* CategoriesHomeCell.swift */ = {isa = PBXFileReference; lastKnownFileType = sourcecode.swift; path = CategoriesHomeCell.swift; sourceTree = "<group>"; };
		E8A795D221B62F5F007E9CEA /* CategoriesHomeCell.xib */ = {isa = PBXFileReference; lastKnownFileType = file.xib; path = CategoriesHomeCell.xib; sourceTree = "<group>"; };
		E8A795D521B63D98007E9CEA /* HomeTestViewController.swift */ = {isa = PBXFileReference; lastKnownFileType = sourcecode.swift; path = HomeTestViewController.swift; sourceTree = "<group>"; };
		E8A795D721B63EB7007E9CEA /* ItemList.storyboard */ = {isa = PBXFileReference; lastKnownFileType = file.storyboard; path = ItemList.storyboard; sourceTree = "<group>"; };
		E8A795D921B64155007E9CEA /* ItemListViewController.swift */ = {isa = PBXFileReference; lastKnownFileType = sourcecode.swift; path = ItemListViewController.swift; sourceTree = "<group>"; };
		E8E9405321ABD0050017620A /* WoowahanFresh.app */ = {isa = PBXFileReference; explicitFileType = wrapper.application; includeInIndex = 0; path = WoowahanFresh.app; sourceTree = BUILT_PRODUCTS_DIR; };
		E8E9405621ABD0050017620A /* AppDelegate.swift */ = {isa = PBXFileReference; lastKnownFileType = sourcecode.swift; path = AppDelegate.swift; sourceTree = "<group>"; };
		E8E9405821ABD0050017620A /* MainViewController.swift */ = {isa = PBXFileReference; lastKnownFileType = sourcecode.swift; path = MainViewController.swift; sourceTree = "<group>"; };
		E8E9405B21ABD0050017620A /* Base */ = {isa = PBXFileReference; lastKnownFileType = file.storyboard; name = Base; path = Base.lproj/Main.storyboard; sourceTree = "<group>"; };
		E8E9406021ABD0070017620A /* Base */ = {isa = PBXFileReference; lastKnownFileType = file.storyboard; name = Base; path = Base.lproj/LaunchScreen.storyboard; sourceTree = "<group>"; };
		E8E9406221ABD0070017620A /* Info.plist */ = {isa = PBXFileReference; lastKnownFileType = text.plist.xml; path = Info.plist; sourceTree = "<group>"; };
		E8FCD6E921B6889500209322 /* ImageViewCell.swift */ = {isa = PBXFileReference; lastKnownFileType = sourcecode.swift; path = ImageViewCell.swift; sourceTree = "<group>"; };
		E8FCD6EA21B6889500209322 /* ImageViewCell.xib */ = {isa = PBXFileReference; lastKnownFileType = file.xib; path = ImageViewCell.xib; sourceTree = "<group>"; };
		E8FCD6ED21B6892600209322 /* CollectionCategoriesCell.swift */ = {isa = PBXFileReference; lastKnownFileType = sourcecode.swift; path = CollectionCategoriesCell.swift; sourceTree = "<group>"; };
		E8FCD6EE21B6892600209322 /* CollectionCategoriesCell.xib */ = {isa = PBXFileReference; lastKnownFileType = file.xib; path = CollectionCategoriesCell.xib; sourceTree = "<group>"; };
		E8FCD6F121B6904C00209322 /* ModelCategory.swift */ = {isa = PBXFileReference; lastKnownFileType = sourcecode.swift; path = ModelCategory.swift; sourceTree = "<group>"; };
		E8FCD73A21B7A24800209322 /* NetworkManager.swift */ = {isa = PBXFileReference; lastKnownFileType = sourcecode.swift; path = NetworkManager.swift; sourceTree = "<group>"; };
		E8FCD73D21B7A45B00209322 /* Constants.swift */ = {isa = PBXFileReference; lastKnownFileType = sourcecode.swift; path = Constants.swift; sourceTree = "<group>"; };
		E8FCD73F21B7B46300209322 /* ItemList.swift */ = {isa = PBXFileReference; lastKnownFileType = sourcecode.swift; path = ItemList.swift; sourceTree = "<group>"; };
/* End PBXFileReference section */

/* Begin PBXFrameworksBuildPhase section */
		E8E9405021ABD0050017620A /* Frameworks */ = {
			isa = PBXFrameworksBuildPhase;
			buildActionMask = 2147483647;
			files = (
				5276FD3704746D283A690010 /* Pods_WoowahanFresh.framework in Frameworks */,
			);
			runOnlyForDeploymentPostprocessing = 0;
		};
/* End PBXFrameworksBuildPhase section */

/* Begin PBXGroup section */
		2F237B759EFED064F1C399B3 /* Pods */ = {
			isa = PBXGroup;
			children = (
				E7FAB44BE72481638898E6CB /* Pods-WoowahanFresh.debug.xcconfig */,
				899FE9545CE43B845AD55647 /* Pods-WoowahanFresh.release.xcconfig */,
			);
			name = Pods;
			sourceTree = "<group>";
		};
		8B29A603082ACF36CF5DB3AC /* Frameworks */ = {
			isa = PBXGroup;
			children = (
				4D38C68F9480C21134AF9332 /* Pods_WoowahanFresh.framework */,
			);
			name = Frameworks;
			sourceTree = "<group>";
		};
		E811E80821BA23480076F1FE /* ItemList */ = {
			isa = PBXGroup;
			children = (
				E811E80C21BA23E40076F1FE /* SubDishList.storyboard */,
			);
			path = ItemList;
			sourceTree = "<group>";
		};
		E811E80B21BA23CF0076F1FE /* ItemList */ = {
			isa = PBXGroup;
			children = (
				E811E81021BA25950076F1FE /* SubDishTableViewController.swift */,
			);
			path = ItemList;
			sourceTree = "<group>";
		};
		E819694621AE4D0A001670E0 /* Singletons */ = {
			isa = PBXGroup;
			children = (
				E8E9405621ABD0050017620A /* AppDelegate.swift */,
			);
			path = Singletons;
			sourceTree = "<group>";
		};
		E823E1C521B0DEF00076592C /* Controller */ = {
			isa = PBXGroup;
			children = (
				E8A795D921B64155007E9CEA /* ItemListViewController.swift */,
				E8E9405821ABD0050017620A /* MainViewController.swift */,
				E824F40421B006E9001CBC88 /* FirstViewController.swift */,
				E876B8DF21B390D200C86C4D /* Navication */,
				E823E1DB21B0E5530076592C /* Content */,
				E823E1DC21B0E5670076592C /* TabBar */,
				E83116A421BD53C1003CF96E /* Member */,
			);
			name = Controller;
			path = NewLayOut/Controller;
			sourceTree = "<group>";
		};
		E823E1C621B0DF1E0076592C /* View */ = {
			isa = PBXGroup;
			children = (
				E8A795D721B63EB7007E9CEA /* ItemList.storyboard */,
				E876B8E421B39B5900C86C4D /* ViewCell */,
				E8E9405A21ABD0050017620A /* Main.storyboard */,
				E824F40121AFFBCB001CBC88 /* First.storyboard */,
				E823E1C721B0DF500076592C /* Content.storyboard */,
				E876B8DA21B28BB500C86C4D /* Navigation */,
				E823E1D621B0E11D0076592C /* Content */,
				E823E1DD21B0E6750076592C /* TabBar */,
				E83116A121BD5302003CF96E /* Member */,
			);
			path = View;
			sourceTree = "<group>";
		};
		E823E1D621B0E11D0076592C /* Content */ = {
			isa = PBXGroup;
			children = (
				E831168821BD1877003CF96E /* Item */,
				E811E80821BA23480076F1FE /* ItemList */,
				E823E1C921B0E09C0076592C /* Home.storyboard */,
				E823E1CB21B0E0A60076592C /* Best.storyboard */,
				E823E1CD21B0E0B60076592C /* Shopping.storyboard */,
				E823E1D021B0E0CE0076592C /* Brand.storyboard */,
				E823E1D221B0E0E20076592C /* Thema.storyboard */,
				E823E1D421B0E0F00076592C /* Event.storyboard */,
			);
			path = Content;
			sourceTree = "<group>";
		};
		E823E1DB21B0E5530076592C /* Content */ = {
			isa = PBXGroup;
			children = (
				E831168921BD1937003CF96E /* Item */,
				E811E80B21BA23CF0076F1FE /* ItemList */,
				E8A795D521B63D98007E9CEA /* HomeTestViewController.swift */,
				E824F40621B02360001CBC88 /* HomeTableViewController.swift */,
				E824F40821B02626001CBC88 /* ContentViewController.swift */,
				E823E1BB21B0D7720076592C /* BestTableViewController.swift */,
				E823E1BD21B0DE890076592C /* ShoppingTableViewController.swift */,
				E823E1BF21B0DEAB0076592C /* BrandCollectionViewController.swift */,
				E823E1C121B0DED70076592C /* ThemaCollectionViewController.swift */,
				E823E1C321B0DEE60076592C /* EventCollectionViewController.swift */,
			);
			path = Content;
			sourceTree = "<group>";
		};
		E823E1DC21B0E5670076592C /* TabBar */ = {
			isa = PBXGroup;
			children = (
				E823E1D721B0E53F0076592C /* CategoryViewController.swift */,
				E823E1D921B0E5490076592C /* MyPageViewController.swift */,
			);
			path = TabBar;
			sourceTree = "<group>";
		};
		E823E1DD21B0E6750076592C /* TabBar */ = {
			isa = PBXGroup;
			children = (
				E823E1DE21B0E6930076592C /* Category.storyboard */,
				E823E1E021B0E6A00076592C /* MyPage.storyboard */,
			);
			path = TabBar;
			sourceTree = "<group>";
		};
		E831168821BD1877003CF96E /* Item */ = {
			isa = PBXGroup;
			children = (
				E831168621BD1871003CF96E /* Item.storyboard */,
			);
			path = Item;
			sourceTree = "<group>";
		};
		E831168921BD1937003CF96E /* Item */ = {
			isa = PBXGroup;
			children = (
				E831168A21BD194B003CF96E /* ItemViewController.swift */,
			);
			path = Item;
			sourceTree = "<group>";
		};
		E831169221BD23AB003CF96E /* Item */ = {
			isa = PBXGroup;
			children = (
				E831168E21BD2136003CF96E /* ScrollViewImageCell.swift */,
				E831168F21BD2136003CF96E /* ScrollViewImageCell.xib */,
				E831169321BD23D0003CF96E /* ItemTitleCell.swift */,
				E831169421BD23D0003CF96E /* ItemTitleCell.xib */,
				E831169721BD23F4003CF96E /* ItemDeliveryCell.swift */,
				E831169821BD23F4003CF96E /* ItemDeliveryCell.xib */,
				E831169D21BD264B003CF96E /* OtherItemCell.swift */,
				E831169E21BD264B003CF96E /* OtherItemCell.xib */,
				E857FECA21BE515A003EEB2D /* ItemDetailCell.swift */,
				E857FECB21BE515A003EEB2D /* ItemDetailCell.xib */,
			);
			path = Item;
			sourceTree = "<group>";
		};
		E83116A121BD5302003CF96E /* Member */ = {
			isa = PBXGroup;
			children = (
				E83116A221BD536D003CF96E /* Login.storyboard */,
			);
			path = Member;
			sourceTree = "<group>";
		};
		E83116A421BD53C1003CF96E /* Member */ = {
			isa = PBXGroup;
			children = (
				E83116A521BD53E8003CF96E /* LoginViewController.swift */,
			);
			path = Member;
			sourceTree = "<group>";
		};
		E876B8DA21B28BB500C86C4D /* Navigation */ = {
			isa = PBXGroup;
			children = (
				E876B8DB21B28BE600C86C4D /* Search.storyboard */,
				E876B8DD21B28C2600C86C4D /* ShoppingList.storyboard */,
			);
			path = Navigation;
			sourceTree = "<group>";
		};
		E876B8DF21B390D200C86C4D /* Navication */ = {
			isa = PBXGroup;
			children = (
				E876B8E021B3910900C86C4D /* SearchNavicationViewController.swift */,
				E876B8E221B3911C00C86C4D /* ShoppingListNavicationViewController.swift */,
			);
			path = Navication;
			sourceTree = "<group>";
		};
		E876B8E421B39B5900C86C4D /* ViewCell */ = {
			isa = PBXGroup;
			children = (
				E831169221BD23AB003CF96E /* Item */,
				E8A7957F21B4CE14007E9CEA /* InfiniteScrollViewCell.swift */,
				E811E81321BA30750076F1FE /* InfiniteScrollViewCell.xib */,
				E8A795D121B62F5F007E9CEA /* CategoriesHomeCell.swift */,
				E8A795D221B62F5F007E9CEA /* CategoriesHomeCell.xib */,
				E8FCD6E921B6889500209322 /* ImageViewCell.swift */,
				E8FCD6EA21B6889500209322 /* ImageViewCell.xib */,
				E8FCD6ED21B6892600209322 /* CollectionCategoriesCell.swift */,
				E8FCD6EE21B6892600209322 /* CollectionCategoriesCell.xib */,
				E8984C6921BA39C20090571E /* ItemCell.swift */,
				E8984C6A21BA39C20090571E /* ItemCell.xib */,
			);
			path = ViewCell;
			sourceTree = "<group>";
		};
		E8993CB621ACF24F000E8889 /* Resources */ = {
			isa = PBXGroup;
			children = (
				E819696921AE7073001670E0 /* Assets.xcassets */,
			);
			path = Resources;
			sourceTree = "<group>";
		};
		E8993CB821ACF274000E8889 /* Supporting Files */ = {
			isa = PBXGroup;
			children = (
				E8E9406221ABD0070017620A /* Info.plist */,
				E8FCD73C21B7A3D200209322 /* Utility */,
				E8E9405F21ABD0070017620A /* LaunchScreen.storyboard */,
				E8993CB921ACF2A3000E8889 /* Certificate */,
			);
			path = "Supporting Files";
			sourceTree = "<group>";
		};
		E8993CB921ACF2A3000E8889 /* Certificate */ = {
			isa = PBXGroup;
			children = (
				E88B693421AC22E7007C9766 /* WoowahanFresh.entitlements */,
			);
			path = Certificate;
			sourceTree = "<group>";
		};
		E89AD4AD21AD54C000D80702 /* Model */ = {
			isa = PBXGroup;
			children = (
				E8A7958321B4E8E5007E9CEA /* HomeSection.swift */,
				E8A7958521B50C9C007E9CEA /* FixedBaner.swift */,
				E8A795C921B61C7A007E9CEA /* CategoriesHome.swift */,
				E8FCD6F121B6904C00209322 /* ModelCategory.swift */,
				E8FCD73A21B7A24800209322 /* NetworkManager.swift */,
				E8FCD73F21B7B46300209322 /* ItemList.swift */,
			);
			path = Model;
			sourceTree = "<group>";
		};
		E8E9404A21ABD0050017620A = {
			isa = PBXGroup;
			children = (
				E8E9405521ABD0050017620A /* WoowahanFresh */,
				E8E9405421ABD0050017620A /* Products */,
				2F237B759EFED064F1C399B3 /* Pods */,
				8B29A603082ACF36CF5DB3AC /* Frameworks */,
			);
			sourceTree = "<group>";
		};
		E8E9405421ABD0050017620A /* Products */ = {
			isa = PBXGroup;
			children = (
				E8E9405321ABD0050017620A /* WoowahanFresh.app */,
			);
			name = Products;
			sourceTree = "<group>";
		};
		E8E9405521ABD0050017620A /* WoowahanFresh */ = {
			isa = PBXGroup;
			children = (
				E819694621AE4D0A001670E0 /* Singletons */,
				E89AD4AD21AD54C000D80702 /* Model */,
				E823E1C621B0DF1E0076592C /* View */,
				E823E1C521B0DEF00076592C /* Controller */,
				E8993CB821ACF274000E8889 /* Supporting Files */,
				E8993CB621ACF24F000E8889 /* Resources */,
			);
			path = WoowahanFresh;
			sourceTree = "<group>";
		};
		E8FCD73C21B7A3D200209322 /* Utility */ = {
			isa = PBXGroup;
			children = (
				E8FCD73D21B7A45B00209322 /* Constants.swift */,
				E857FEC621BDFE8A003EEB2D /* Observer.swift */,
				E857FEC821BE35B7003EEB2D /* itemPkDelegate.swift */,
			);
			path = Utility;
			sourceTree = "<group>";
		};
/* End PBXGroup section */

/* Begin PBXNativeTarget section */
		E8E9405221ABD0050017620A /* WoowahanFresh */ = {
			isa = PBXNativeTarget;
			buildConfigurationList = E8E9406521ABD0070017620A /* Build configuration list for PBXNativeTarget "WoowahanFresh" */;
			buildPhases = (
				8932711CB929434051B91AD6 /* [CP] Check Pods Manifest.lock */,
				E8E9404F21ABD0050017620A /* Sources */,
				E8E9405021ABD0050017620A /* Frameworks */,
				E8E9405121ABD0050017620A /* Resources */,
				E63DC687C9477C27792B6354 /* [CP] Embed Pods Frameworks */,
			);
			buildRules = (
			);
			dependencies = (
			);
			name = WoowahanFresh;
			productName = WoowahanFresh;
			productReference = E8E9405321ABD0050017620A /* WoowahanFresh.app */;
			productType = "com.apple.product-type.application";
		};
/* End PBXNativeTarget section */

/* Begin PBXProject section */
		E8E9404B21ABD0050017620A /* Project object */ = {
			isa = PBXProject;
			attributes = {
				LastSwiftUpdateCheck = 1010;
				LastUpgradeCheck = 1010;
				ORGANIZATIONNAME = qbbang;
				TargetAttributes = {
					E8E9405221ABD0050017620A = {
						CreatedOnToolsVersion = 10.1;
						SystemCapabilities = {
							com.apple.Keychain = {
								enabled = 1;
							};
							com.apple.Push = {
								enabled = 1;
							};
						};
					};
				};
			};
			buildConfigurationList = E8E9404E21ABD0050017620A /* Build configuration list for PBXProject "WoowahanFresh" */;
			compatibilityVersion = "Xcode 9.3";
			developmentRegion = en;
			hasScannedForEncodings = 0;
			knownRegions = (
				en,
				Base,
			);
			mainGroup = E8E9404A21ABD0050017620A;
			productRefGroup = E8E9405421ABD0050017620A /* Products */;
			projectDirPath = "";
			projectRoot = "";
			targets = (
				E8E9405221ABD0050017620A /* WoowahanFresh */,
			);
		};
/* End PBXProject section */

/* Begin PBXResourcesBuildPhase section */
		E8E9405121ABD0050017620A /* Resources */ = {
			isa = PBXResourcesBuildPhase;
			buildActionMask = 2147483647;
			files = (
				E83116A021BD264B003CF96E /* OtherItemCell.xib in Resources */,
				E823E1CA21B0E09C0076592C /* Home.storyboard in Resources */,
				E8984C6C21BA39C20090571E /* ItemCell.xib in Resources */,
				E811E81521BA30750076F1FE /* InfiniteScrollViewCell.xib in Resources */,
				E823E1E121B0E6A00076592C /* MyPage.storyboard in Resources */,
				E823E1D321B0E0E20076592C /* Thema.storyboard in Resources */,
				E823E1D121B0E0CE0076592C /* Brand.storyboard in Resources */,
				E831169621BD23D0003CF96E /* ItemTitleCell.xib in Resources */,
				E876B8DC21B28BE600C86C4D /* Search.storyboard in Resources */,
				E823E1CC21B0E0A60076592C /* Best.storyboard in Resources */,
				E8A795D421B62F5F007E9CEA /* CategoriesHomeCell.xib in Resources */,
				E8E9406121ABD0070017620A /* LaunchScreen.storyboard in Resources */,
				E819696A21AE7073001670E0 /* Assets.xcassets in Resources */,
				E8FCD6EC21B6889500209322 /* ImageViewCell.xib in Resources */,
				E811E80D21BA23E40076F1FE /* SubDishList.storyboard in Resources */,
				E831169A21BD23F4003CF96E /* ItemDeliveryCell.xib in Resources */,
				E83116A321BD536D003CF96E /* Login.storyboard in Resources */,
				E823E1DF21B0E6930076592C /* Category.storyboard in Resources */,
				E823E1CE21B0E0B60076592C /* Shopping.storyboard in Resources */,
				E8E9405C21ABD0050017620A /* Main.storyboard in Resources */,
				E8A795D821B63EB7007E9CEA /* ItemList.storyboard in Resources */,
				E8FCD6F021B6892600209322 /* CollectionCategoriesCell.xib in Resources */,
				E876B8DE21B28C2600C86C4D /* ShoppingList.storyboard in Resources */,
				E831168721BD1871003CF96E /* Item.storyboard in Resources */,
				E857FECD21BE515A003EEB2D /* ItemDetailCell.xib in Resources */,
				E823E1C821B0DF500076592C /* Content.storyboard in Resources */,
				E831169121BD2136003CF96E /* ScrollViewImageCell.xib in Resources */,
				E823E1D521B0E0F00076592C /* Event.storyboard in Resources */,
				E824F40221AFFBCB001CBC88 /* First.storyboard in Resources */,
			);
			runOnlyForDeploymentPostprocessing = 0;
		};
/* End PBXResourcesBuildPhase section */

/* Begin PBXShellScriptBuildPhase section */
		8932711CB929434051B91AD6 /* [CP] Check Pods Manifest.lock */ = {
			isa = PBXShellScriptBuildPhase;
			buildActionMask = 2147483647;
			files = (
			);
			inputFileListPaths = (
			);
			inputPaths = (
				"${PODS_PODFILE_DIR_PATH}/Podfile.lock",
				"${PODS_ROOT}/Manifest.lock",
			);
			name = "[CP] Check Pods Manifest.lock";
			outputFileListPaths = (
			);
			outputPaths = (
				"$(DERIVED_FILE_DIR)/Pods-WoowahanFresh-checkManifestLockResult.txt",
			);
			runOnlyForDeploymentPostprocessing = 0;
			shellPath = /bin/sh;
			shellScript = "diff \"${PODS_PODFILE_DIR_PATH}/Podfile.lock\" \"${PODS_ROOT}/Manifest.lock\" > /dev/null\nif [ $? != 0 ] ; then\n    # print error to STDERR\n    echo \"error: The sandbox is not in sync with the Podfile.lock. Run 'pod install' or update your CocoaPods installation.\" >&2\n    exit 1\nfi\n# This output is used by Xcode 'outputs' to avoid re-running this script phase.\necho \"SUCCESS\" > \"${SCRIPT_OUTPUT_FILE_0}\"\n";
			showEnvVarsInLog = 0;
		};
		E63DC687C9477C27792B6354 /* [CP] Embed Pods Frameworks */ = {
			isa = PBXShellScriptBuildPhase;
			buildActionMask = 2147483647;
			files = (
			);
			inputFileListPaths = (
			);
			inputPaths = (
				"${SRCROOT}/Pods/Target Support Files/Pods-WoowahanFresh/Pods-WoowahanFresh-frameworks.sh",
				"${BUILT_PRODUCTS_DIR}/Alamofire/Alamofire.framework",
				"${BUILT_PRODUCTS_DIR}/Bolts/Bolts.framework",
				"${BUILT_PRODUCTS_DIR}/FBSDKCoreKit/FBSDKCoreKit.framework",
				"${BUILT_PRODUCTS_DIR}/FBSDKLoginKit/FBSDKLoginKit.framework",
				"${BUILT_PRODUCTS_DIR}/FBSDKShareKit/FBSDKShareKit.framework",
				"${BUILT_PRODUCTS_DIR}/Realm/Realm.framework",
				"${BUILT_PRODUCTS_DIR}/RealmSwift/RealmSwift.framework",
			);
			name = "[CP] Embed Pods Frameworks";
			outputFileListPaths = (
			);
			outputPaths = (
				"${TARGET_BUILD_DIR}/${FRAMEWORKS_FOLDER_PATH}/Alamofire.framework",
				"${TARGET_BUILD_DIR}/${FRAMEWORKS_FOLDER_PATH}/Bolts.framework",
				"${TARGET_BUILD_DIR}/${FRAMEWORKS_FOLDER_PATH}/FBSDKCoreKit.framework",
				"${TARGET_BUILD_DIR}/${FRAMEWORKS_FOLDER_PATH}/FBSDKLoginKit.framework",
				"${TARGET_BUILD_DIR}/${FRAMEWORKS_FOLDER_PATH}/FBSDKShareKit.framework",
				"${TARGET_BUILD_DIR}/${FRAMEWORKS_FOLDER_PATH}/Realm.framework",
				"${TARGET_BUILD_DIR}/${FRAMEWORKS_FOLDER_PATH}/RealmSwift.framework",
			);
			runOnlyForDeploymentPostprocessing = 0;
			shellPath = /bin/sh;
			shellScript = "\"${SRCROOT}/Pods/Target Support Files/Pods-WoowahanFresh/Pods-WoowahanFresh-frameworks.sh\"\n";
			showEnvVarsInLog = 0;
		};
/* End PBXShellScriptBuildPhase section */

/* Begin PBXSourcesBuildPhase section */
		E8E9404F21ABD0050017620A /* Sources */ = {
			isa = PBXSourcesBuildPhase;
			buildActionMask = 2147483647;
			files = (
				E8A795D321B62F5F007E9CEA /* CategoriesHomeCell.swift in Sources */,
				E857FEC721BDFE8A003EEB2D /* Observer.swift in Sources */,
				E823E1C021B0DEAB0076592C /* BrandCollectionViewController.swift in Sources */,
				E8FCD6F221B6904C00209322 /* ModelCategory.swift in Sources */,
				E831169F21BD264B003CF96E /* OtherItemCell.swift in Sources */,
				E823E1C421B0DEE60076592C /* EventCollectionViewController.swift in Sources */,
				E824F40721B02360001CBC88 /* HomeTableViewController.swift in Sources */,
				E823E1C221B0DED70076592C /* ThemaCollectionViewController.swift in Sources */,
				E823E1BE21B0DE890076592C /* ShoppingTableViewController.swift in Sources */,
				E8A7958121B4CE14007E9CEA /* InfiniteScrollViewCell.swift in Sources */,
				E811E81121BA25950076F1FE /* SubDishTableViewController.swift in Sources */,
				E8E9405921ABD0050017620A /* MainViewController.swift in Sources */,
				E876B8E321B3911C00C86C4D /* ShoppingListNavicationViewController.swift in Sources */,
				E8FCD74021B7B46300209322 /* ItemList.swift in Sources */,
				E8E9405721ABD0050017620A /* AppDelegate.swift in Sources */,
				E824F40921B02626001CBC88 /* ContentViewController.swift in Sources */,
				E8984C6B21BA39C20090571E /* ItemCell.swift in Sources */,
				E8A795D621B63D98007E9CEA /* HomeTestViewController.swift in Sources */,
				E8A7958421B4E8E5007E9CEA /* HomeSection.swift in Sources */,
				E831168B21BD194B003CF96E /* ItemViewController.swift in Sources */,
				E823E1D821B0E53F0076592C /* CategoryViewController.swift in Sources */,
				E8FCD73B21B7A24800209322 /* NetworkManager.swift in Sources */,
				E8A795DA21B64155007E9CEA /* ItemListViewController.swift in Sources */,
				E8A795CA21B61C7A007E9CEA /* CategoriesHome.swift in Sources */,
				E876B8E121B3910900C86C4D /* SearchNavicationViewController.swift in Sources */,
				E8FCD6EF21B6892600209322 /* CollectionCategoriesCell.swift in Sources */,
				E823E1DA21B0E5490076592C /* MyPageViewController.swift in Sources */,
				E8A7958621B50C9C007E9CEA /* FixedBaner.swift in Sources */,
				E831169921BD23F4003CF96E /* ItemDeliveryCell.swift in Sources */,
				E857FECC21BE515A003EEB2D /* ItemDetailCell.swift in Sources */,
				E83116A621BD53E8003CF96E /* LoginViewController.swift in Sources */,
				E823E1BC21B0D7720076592C /* BestTableViewController.swift in Sources */,
				E831169021BD2136003CF96E /* ScrollViewImageCell.swift in Sources */,
				E8FCD6EB21B6889500209322 /* ImageViewCell.swift in Sources */,
				E824F40521B006E9001CBC88 /* FirstViewController.swift in Sources */,
				E8FCD73E21B7A45B00209322 /* Constants.swift in Sources */,
				E857FEC921BE35B7003EEB2D /* itemPkDelegate.swift in Sources */,
				E831169521BD23D0003CF96E /* ItemTitleCell.swift in Sources */,
			);
			runOnlyForDeploymentPostprocessing = 0;
		};
/* End PBXSourcesBuildPhase section */

/* Begin PBXVariantGroup section */
		E8E9405A21ABD0050017620A /* Main.storyboard */ = {
			isa = PBXVariantGroup;
			children = (
				E8E9405B21ABD0050017620A /* Base */,
			);
			name = Main.storyboard;
			sourceTree = "<group>";
		};
		E8E9405F21ABD0070017620A /* LaunchScreen.storyboard */ = {
			isa = PBXVariantGroup;
			children = (
				E8E9406021ABD0070017620A /* Base */,
			);
			name = LaunchScreen.storyboard;
			sourceTree = "<group>";
		};
/* End PBXVariantGroup section */

/* Begin XCBuildConfiguration section */
		E8E9406321ABD0070017620A /* Debug */ = {
			isa = XCBuildConfiguration;
			buildSettings = {
				ALWAYS_SEARCH_USER_PATHS = NO;
				CLANG_ANALYZER_NONNULL = YES;
				CLANG_ANALYZER_NUMBER_OBJECT_CONVERSION = YES_AGGRESSIVE;
				CLANG_CXX_LANGUAGE_STANDARD = "gnu++14";
				CLANG_CXX_LIBRARY = "libc++";
				CLANG_ENABLE_MODULES = YES;
				CLANG_ENABLE_OBJC_ARC = YES;
				CLANG_ENABLE_OBJC_WEAK = YES;
				CLANG_WARN_BLOCK_CAPTURE_AUTORELEASING = YES;
				CLANG_WARN_BOOL_CONVERSION = YES;
				CLANG_WARN_COMMA = YES;
				CLANG_WARN_CONSTANT_CONVERSION = YES;
				CLANG_WARN_DEPRECATED_OBJC_IMPLEMENTATIONS = YES;
				CLANG_WARN_DIRECT_OBJC_ISA_USAGE = YES_ERROR;
				CLANG_WARN_DOCUMENTATION_COMMENTS = YES;
				CLANG_WARN_EMPTY_BODY = YES;
				CLANG_WARN_ENUM_CONVERSION = YES;
				CLANG_WARN_INFINITE_RECURSION = YES;
				CLANG_WARN_INT_CONVERSION = YES;
				CLANG_WARN_NON_LITERAL_NULL_CONVERSION = YES;
				CLANG_WARN_OBJC_IMPLICIT_RETAIN_SELF = YES;
				CLANG_WARN_OBJC_LITERAL_CONVERSION = YES;
				CLANG_WARN_OBJC_ROOT_CLASS = YES_ERROR;
				CLANG_WARN_RANGE_LOOP_ANALYSIS = YES;
				CLANG_WARN_STRICT_PROTOTYPES = YES;
				CLANG_WARN_SUSPICIOUS_MOVE = YES;
				CLANG_WARN_UNGUARDED_AVAILABILITY = YES_AGGRESSIVE;
				CLANG_WARN_UNREACHABLE_CODE = YES;
				CLANG_WARN__DUPLICATE_METHOD_MATCH = YES;
				CODE_SIGN_IDENTITY = "iPhone Developer";
				COPY_PHASE_STRIP = NO;
				DEBUG_INFORMATION_FORMAT = dwarf;
				ENABLE_STRICT_OBJC_MSGSEND = YES;
				ENABLE_TESTABILITY = YES;
				GCC_C_LANGUAGE_STANDARD = gnu11;
				GCC_DYNAMIC_NO_PIC = NO;
				GCC_NO_COMMON_BLOCKS = YES;
				GCC_OPTIMIZATION_LEVEL = 0;
				GCC_PREPROCESSOR_DEFINITIONS = (
					"DEBUG=1",
					"$(inherited)",
				);
				GCC_WARN_64_TO_32_BIT_CONVERSION = YES;
				GCC_WARN_ABOUT_RETURN_TYPE = YES_ERROR;
				GCC_WARN_UNDECLARED_SELECTOR = YES;
				GCC_WARN_UNINITIALIZED_AUTOS = YES_AGGRESSIVE;
				GCC_WARN_UNUSED_FUNCTION = YES;
				GCC_WARN_UNUSED_VARIABLE = YES;
				IPHONEOS_DEPLOYMENT_TARGET = 12.1;
				MTL_ENABLE_DEBUG_INFO = INCLUDE_SOURCE;
				MTL_FAST_MATH = YES;
				ONLY_ACTIVE_ARCH = YES;
				OTHER_LDFLAGS = "";
				SDKROOT = iphoneos;
				SWIFT_ACTIVE_COMPILATION_CONDITIONS = DEBUG;
				SWIFT_OPTIMIZATION_LEVEL = "-Onone";
			};
			name = Debug;
		};
		E8E9406421ABD0070017620A /* Release */ = {
			isa = XCBuildConfiguration;
			buildSettings = {
				ALWAYS_SEARCH_USER_PATHS = NO;
				CLANG_ANALYZER_NONNULL = YES;
				CLANG_ANALYZER_NUMBER_OBJECT_CONVERSION = YES_AGGRESSIVE;
				CLANG_CXX_LANGUAGE_STANDARD = "gnu++14";
				CLANG_CXX_LIBRARY = "libc++";
				CLANG_ENABLE_MODULES = YES;
				CLANG_ENABLE_OBJC_ARC = YES;
				CLANG_ENABLE_OBJC_WEAK = YES;
				CLANG_WARN_BLOCK_CAPTURE_AUTORELEASING = YES;
				CLANG_WARN_BOOL_CONVERSION = YES;
				CLANG_WARN_COMMA = YES;
				CLANG_WARN_CONSTANT_CONVERSION = YES;
				CLANG_WARN_DEPRECATED_OBJC_IMPLEMENTATIONS = YES;
				CLANG_WARN_DIRECT_OBJC_ISA_USAGE = YES_ERROR;
				CLANG_WARN_DOCUMENTATION_COMMENTS = YES;
				CLANG_WARN_EMPTY_BODY = YES;
				CLANG_WARN_ENUM_CONVERSION = YES;
				CLANG_WARN_INFINITE_RECURSION = YES;
				CLANG_WARN_INT_CONVERSION = YES;
				CLANG_WARN_NON_LITERAL_NULL_CONVERSION = YES;
				CLANG_WARN_OBJC_IMPLICIT_RETAIN_SELF = YES;
				CLANG_WARN_OBJC_LITERAL_CONVERSION = YES;
				CLANG_WARN_OBJC_ROOT_CLASS = YES_ERROR;
				CLANG_WARN_RANGE_LOOP_ANALYSIS = YES;
				CLANG_WARN_STRICT_PROTOTYPES = YES;
				CLANG_WARN_SUSPICIOUS_MOVE = YES;
				CLANG_WARN_UNGUARDED_AVAILABILITY = YES_AGGRESSIVE;
				CLANG_WARN_UNREACHABLE_CODE = YES;
				CLANG_WARN__DUPLICATE_METHOD_MATCH = YES;
				CODE_SIGN_IDENTITY = "iPhone Developer";
				COPY_PHASE_STRIP = NO;
				DEBUG_INFORMATION_FORMAT = "dwarf-with-dsym";
				ENABLE_NS_ASSERTIONS = NO;
				ENABLE_STRICT_OBJC_MSGSEND = YES;
				GCC_C_LANGUAGE_STANDARD = gnu11;
				GCC_NO_COMMON_BLOCKS = YES;
				GCC_WARN_64_TO_32_BIT_CONVERSION = YES;
				GCC_WARN_ABOUT_RETURN_TYPE = YES_ERROR;
				GCC_WARN_UNDECLARED_SELECTOR = YES;
				GCC_WARN_UNINITIALIZED_AUTOS = YES_AGGRESSIVE;
				GCC_WARN_UNUSED_FUNCTION = YES;
				GCC_WARN_UNUSED_VARIABLE = YES;
				IPHONEOS_DEPLOYMENT_TARGET = 12.1;
				MTL_ENABLE_DEBUG_INFO = NO;
				MTL_FAST_MATH = YES;
				OTHER_LDFLAGS = "";
				SDKROOT = iphoneos;
				SWIFT_COMPILATION_MODE = wholemodule;
				SWIFT_OPTIMIZATION_LEVEL = "-O";
				VALIDATE_PRODUCT = YES;
			};
			name = Release;
		};
		E8E9406621ABD0070017620A /* Debug */ = {
			isa = XCBuildConfiguration;
			baseConfigurationReference = E7FAB44BE72481638898E6CB /* Pods-WoowahanFresh.debug.xcconfig */;
			buildSettings = {
				ASSETCATALOG_COMPILER_APPICON_NAME = AppIcon;
				CODE_SIGN_ENTITLEMENTS = "WoowahanFresh/Supporting Files/Certificate/WoowahanFresh.entitlements";
				CODE_SIGN_IDENTITY = "iPhone Developer";
				CODE_SIGN_STYLE = Automatic;
				DEVELOPMENT_TEAM = G4MM77V7NH;
				INFOPLIST_FILE = "$(SRCROOT)/WoowahanFresh/Supporting Files/Info.plist";
				IPHONEOS_DEPLOYMENT_TARGET = 12.1;
				LD_RUNPATH_SEARCH_PATHS = (
					"$(inherited)",
					"@executable_path/Frameworks",
				);
				PRODUCT_BUNDLE_IDENTIFIER = io.github.qbbang.WoowahanFresh;
				PRODUCT_NAME = "$(TARGET_NAME)";
				PROVISIONING_PROFILE_SPECIFIER = "";
				SWIFT_VERSION = 4.2;
				TARGETED_DEVICE_FAMILY = "1,2";
			};
			name = Debug;
		};
		E8E9406721ABD0070017620A /* Release */ = {
			isa = XCBuildConfiguration;
			baseConfigurationReference = 899FE9545CE43B845AD55647 /* Pods-WoowahanFresh.release.xcconfig */;
			buildSettings = {
				ASSETCATALOG_COMPILER_APPICON_NAME = AppIcon;
				CODE_SIGN_ENTITLEMENTS = "WoowahanFresh/Supporting Files/Certificate/WoowahanFresh.entitlements";
				CODE_SIGN_IDENTITY = "iPhone Developer";
				CODE_SIGN_STYLE = Automatic;
				DEVELOPMENT_TEAM = G4MM77V7NH;
				INFOPLIST_FILE = "$(SRCROOT)/WoowahanFresh/Supporting Files/Info.plist";
				IPHONEOS_DEPLOYMENT_TARGET = 12.1;
				LD_RUNPATH_SEARCH_PATHS = (
					"$(inherited)",
					"@executable_path/Frameworks",
				);
				PRODUCT_BUNDLE_IDENTIFIER = io.github.qbbang.WoowahanFresh;
				PRODUCT_NAME = "$(TARGET_NAME)";
				PROVISIONING_PROFILE_SPECIFIER = "";
				SWIFT_VERSION = 4.2;
				TARGETED_DEVICE_FAMILY = "1,2";
			};
			name = Release;
		};
/* End XCBuildConfiguration section */

/* Begin XCConfigurationList section */
		E8E9404E21ABD0050017620A /* Build configuration list for PBXProject "WoowahanFresh" */ = {
			isa = XCConfigurationList;
			buildConfigurations = (
				E8E9406321ABD0070017620A /* Debug */,
				E8E9406421ABD0070017620A /* Release */,
			);
			defaultConfigurationIsVisible = 0;
			defaultConfigurationName = Release;
		};
		E8E9406521ABD0070017620A /* Build configuration list for PBXNativeTarget "WoowahanFresh" */ = {
			isa = XCConfigurationList;
			buildConfigurations = (
				E8E9406621ABD0070017620A /* Debug */,
				E8E9406721ABD0070017620A /* Release */,
			);
			defaultConfigurationIsVisible = 0;
			defaultConfigurationName = Release;
		};
/* End XCConfigurationList section */
	};
	rootObject = E8E9404B21ABD0050017620A /* Project object */;
}
